
Microsoft Visual Studio Solution File, Format Version 12.00
Project("{FAE04EC0-301F-11D3-BF4B-00C04F79EFBC}") = "Core", "shared\Core\Core.csproj", "{E91D9FEA-41B6-4F77-8ED3-5436266FAF89}"
EndProject
Project("{FAE04EC0-301F-11D3-BF4B-00C04F79EFBC}") = "Application", "shared\Application\Application.csproj", "{0C20A293-CBC8-423C-92E9-AF5F3DEC2084}"
EndProject
Project("{FAE04EC0-301F-11D3-BF4B-00C04F79EFBC}") = "RabbitMQClient", "shared\RabbitMQClient\RabbitMQClient.csproj", "{A6F35355-FD25-415A-B25C-B2EDF1DAFE1B}"
EndProject
Project("{FAE04EC0-301F-11D3-BF4B-00C04F79EFBC}") = "API-Gate", "gateway\API-Gate\API-Gate.csproj", "{BFC24141-A6B0-48AA-BDD8-869F3E04BDB0}"
EndProject
Project("{FAE04EC0-301F-11D3-BF4B-00C04F79EFBC}") = "CatalogManagementService", "services\CatalogManagementService\CatalogManagementService.csproj", "{6371AF24-63B1-45DE-BE74-74D8C3C77B45}"
EndProject
Project("{FAE04EC0-301F-11D3-BF4B-00C04F79EFBC}") = "TestClient", "clients\TestClient\TestClient.csproj", "{8F7939E1-2893-4CB4-887C-7B5251488F46}"
EndProject
Project("{2150E333-8FDC-42A3-9474-1A3956D46DE8}") = "services", "services", "{CCC0AC2C-A9B0-482D-A8C8-157C2B564FDC}"
EndProject
Project("{2150E333-8FDC-42A3-9474-1A3956D46DE8}") = "shared", "shared", "{4D522B5B-4313-4324-A9C1-3704D4C90B48}"
EndProject
Project("{2150E333-8FDC-42A3-9474-1A3956D46DE8}") = "gateway", "gateway", "{55CF54F6-BE13-49FF-A9CC-996D7E43BDC9}"
EndProject
Project("{2150E333-8FDC-42A3-9474-1A3956D46DE8}") = "clients", "clients", "{CC51623E-03ED-47AE-8DE2-0B6855A803BA}"
EndProject
Global
	GlobalSection(SolutionConfigurationPlatforms) = preSolution
		Debug|Any CPU = Debug|Any CPU
		Release|Any CPU = Release|Any CPU
	EndGlobalSection
	GlobalSection(ProjectConfigurationPlatforms) = postSolution
		{E91D9FEA-41B6-4F77-8ED3-5436266FAF89}.Debug|Any CPU.ActiveCfg = Debug|Any CPU
		{E91D9FEA-41B6-4F77-8ED3-5436266FAF89}.Debug|Any CPU.Build.0 = Debug|Any CPU
		{E91D9FEA-41B6-4F77-8ED3-5436266FAF89}.Release|Any CPU.ActiveCfg = Release|Any CPU
		{E91D9FEA-41B6-4F77-8ED3-5436266FAF89}.Release|Any CPU.Build.0 = Release|Any CPU
		{0C20A293-CBC8-423C-92E9-AF5F3DEC2084}.Debug|Any CPU.ActiveCfg = Debug|Any CPU
		{0C20A293-CBC8-423C-92E9-AF5F3DEC2084}.Debug|Any CPU.Build.0 = Debug|Any CPU
		{0C20A293-CBC8-423C-92E9-AF5F3DEC2084}.Release|Any CPU.ActiveCfg = Release|Any CPU
		{0C20A293-CBC8-423C-92E9-AF5F3DEC2084}.Release|Any CPU.Build.0 = Release|Any CPU
		{A6F35355-FD25-415A-B25C-B2EDF1DAFE1B}.Debug|Any CPU.ActiveCfg = Debug|Any CPU
		{A6F35355-FD25-415A-B25C-B2EDF1DAFE1B}.Debug|Any CPU.Build.0 = Debug|Any CPU
		{A6F35355-FD25-415A-B25C-B2EDF1DAFE1B}.Release|Any CPU.ActiveCfg = Release|Any CPU
		{A6F35355-FD25-415A-B25C-B2EDF1DAFE1B}.Release|Any CPU.Build.0 = Release|Any CPU
		{BFC24141-A6B0-48AA-BDD8-869F3E04BDB0}.Debug|Any CPU.ActiveCfg = Debug|Any CPU
		{BFC24141-A6B0-48AA-BDD8-869F3E04BDB0}.Debug|Any CPU.Build.0 = Debug|Any CPU
		{BFC24141-A6B0-48AA-BDD8-869F3E04BDB0}.Release|Any CPU.ActiveCfg = Release|Any CPU
		{BFC24141-A6B0-48AA-BDD8-869F3E04BDB0}.Release|Any CPU.Build.0 = Release|Any CPU
		{6371AF24-63B1-45DE-BE74-74D8C3C77B45}.Debug|Any CPU.ActiveCfg = Debug|Any CPU
		{6371AF24-63B1-45DE-BE74-74D8C3C77B45}.Debug|Any CPU.Build.0 = Debug|Any CPU
		{6371AF24-63B1-45DE-BE74-74D8C3C77B45}.Release|Any CPU.ActiveCfg = Release|Any CPU
		{6371AF24-63B1-45DE-BE74-74D8C3C77B45}.Release|Any CPU.Build.0 = Release|Any CPU
		{8F7939E1-2893-4CB4-887C-7B5251488F46}.Debug|Any CPU.ActiveCfg = Debug|Any CPU
		{8F7939E1-2893-4CB4-887C-7B5251488F46}.Debug|Any CPU.Build.0 = Debug|Any CPU
		{8F7939E1-2893-4CB4-887C-7B5251488F46}.Release|Any CPU.ActiveCfg = Release|Any CPU
		{8F7939E1-2893-4CB4-887C-7B5251488F46}.Release|Any CPU.Build.0 = Release|Any CPU
	EndGlobalSection
	GlobalSection(NestedProjects) = preSolution
		{6371AF24-63B1-45DE-BE74-74D8C3C77B45} = {CCC0AC2C-A9B0-482D-A8C8-157C2B564FDC}
		{A6F35355-FD25-415A-B25C-B2EDF1DAFE1B} = {4D522B5B-4313-4324-A9C1-3704D4C90B48}
		{E91D9FEA-41B6-4F77-8ED3-5436266FAF89} = {4D522B5B-4313-4324-A9C1-3704D4C90B48}
		{0C20A293-CBC8-423C-92E9-AF5F3DEC2084} = {4D522B5B-4313-4324-A9C1-3704D4C90B48}
		{BFC24141-A6B0-48AA-BDD8-869F3E04BDB0} = {55CF54F6-BE13-49FF-A9CC-996D7E43BDC9}
		{8F7939E1-2893-4CB4-887C-7B5251488F46} = {CC51623E-03ED-47AE-8DE2-0B6855A803BA}
	EndGlobalSection
EndGlobal
